
Microsoft Visual Studio Solution File, Format Version 12.00
# Visual Studio Version 16
VisualStudioVersion = 16.0.31005.135
MinimumVisualStudioVersion = 10.0.40219.1
Project("{9A19103F-16F7-4668-BE54-9A1E7A4F7556}") = "BikeRentApp", "BikeRentApp.csproj", "{460BC89E-BF6C-4FD6-89ED-FA18ACB2F1CF}"
EndProject
Global
	GlobalSection(SolutionConfigurationPlatforms) = preSolution
		Debug|Any CPU = Debug|Any CPU
		Release|Any CPU = Release|Any CPU
	EndGlobalSection
	GlobalSection(ProjectConfigurationPlatforms) = postSolution
		{460BC89E-BF6C-4FD6-89ED-FA18ACB2F1CF}.Debug|Any CPU.ActiveCfg = Debug|Any CPU
		{460BC89E-BF6C-4FD6-89ED-FA18ACB2F1CF}.Debug|Any CPU.Build.0 = Debug|Any CPU
		{460BC89E-BF6C-4FD6-89ED-FA18ACB2F1CF}.Release|Any CPU.ActiveCfg = Release|Any CPU
		{460BC89E-BF6C-4FD6-89ED-FA18ACB2F1CF}.Release|Any CPU.Build.0 = Release|Any CPU
	EndGlobalSection
	GlobalSection(SolutionProperties) = preSolution
		HideSolutionNode = FALSE
	EndGlobalSection
	GlobalSection(ExtensibilityGlobals) = postSolution
		SolutionGuid = {2AE3C60D-70F8-4897-8E2C-C8D7F340B4C8}
	EndGlobalSection
EndGlobal
