
Microsoft Visual Studio Solution File, Format Version 12.00
# Visual Studio Version 16
VisualStudioVersion = 16.0.31005.135
MinimumVisualStudioVersion = 10.0.40219.1
Project("{FAE04EC0-301F-11D3-BF4B-00C04F79EFBC}") = "BikeRentApp", "BikeRentApp.csproj", "{460BC89E-BF6C-4FD6-89ED-FA18ACB2F1CF}"
EndProject
Project("{FAE04EC0-301F-11D3-BF4B-00C04F79EFBC}") = "DAL", "..\DAL\DAL.csproj", "{51EBDF61-FB83-4B77-BD91-6E0F587A33DF}"
EndProject
Project("{FAE04EC0-301F-11D3-BF4B-00C04F79EFBC}") = "NUnitTestBikeRent", "..\NUnitTestBikeRent\NUnitTestBikeRent.csproj", "{9346F64B-9F35-473B-B02A-4D507A05E9BD}"
EndProject
Global
	GlobalSection(SolutionConfigurationPlatforms) = preSolution
		Debug|Any CPU = Debug|Any CPU
		Release|Any CPU = Release|Any CPU
	EndGlobalSection
	GlobalSection(ProjectConfigurationPlatforms) = postSolution
		{460BC89E-BF6C-4FD6-89ED-FA18ACB2F1CF}.Debug|Any CPU.ActiveCfg = Debug|Any CPU
		{460BC89E-BF6C-4FD6-89ED-FA18ACB2F1CF}.Debug|Any CPU.Build.0 = Debug|Any CPU
		{460BC89E-BF6C-4FD6-89ED-FA18ACB2F1CF}.Release|Any CPU.ActiveCfg = Release|Any CPU
		{460BC89E-BF6C-4FD6-89ED-FA18ACB2F1CF}.Release|Any CPU.Build.0 = Release|Any CPU
		{51EBDF61-FB83-4B77-BD91-6E0F587A33DF}.Debug|Any CPU.ActiveCfg = Debug|Any CPU
		{51EBDF61-FB83-4B77-BD91-6E0F587A33DF}.Debug|Any CPU.Build.0 = Debug|Any CPU
		{51EBDF61-FB83-4B77-BD91-6E0F587A33DF}.Release|Any CPU.ActiveCfg = Release|Any CPU
		{51EBDF61-FB83-4B77-BD91-6E0F587A33DF}.Release|Any CPU.Build.0 = Release|Any CPU
		{9346F64B-9F35-473B-B02A-4D507A05E9BD}.Debug|Any CPU.ActiveCfg = Debug|Any CPU
		{9346F64B-9F35-473B-B02A-4D507A05E9BD}.Debug|Any CPU.Build.0 = Debug|Any CPU
		{9346F64B-9F35-473B-B02A-4D507A05E9BD}.Release|Any CPU.ActiveCfg = Release|Any CPU
		{9346F64B-9F35-473B-B02A-4D507A05E9BD}.Release|Any CPU.Build.0 = Release|Any CPU
	EndGlobalSection
	GlobalSection(SolutionProperties) = preSolution
		HideSolutionNode = FALSE
	EndGlobalSection
	GlobalSection(ExtensibilityGlobals) = postSolution
		SolutionGuid = {2AE3C60D-70F8-4897-8E2C-C8D7F340B4C8}
	EndGlobalSection
EndGlobal
